
Microsoft Visual Studio Solution File, Format Version 12.00
# Visual Studio Version 17
VisualStudioVersion = 17.6.33829.357
MinimumVisualStudioVersion = 10.0.40219.1
Project("{9A19103F-16F7-4668-BE54-9A1E7A4F7556}") = "Decorator", "Decorator\Decorator.csproj", "{4A94A98C-6DEA-4300-AA4A-DD7434FD485B}"
EndProject
Project("{FAE04EC0-301F-11D3-BF4B-00C04F79EFBC}") = "Adapter", "Adapter\Adapter.csproj", "{FF3B2038-3D12-4064-BBBF-6B0D0C02F823}"
EndProject
Global
	GlobalSection(SolutionConfigurationPlatforms) = preSolution
		Debug|Any CPU = Debug|Any CPU
		Release|Any CPU = Release|Any CPU
	EndGlobalSection
	GlobalSection(ProjectConfigurationPlatforms) = postSolution
		{4A94A98C-6DEA-4300-AA4A-DD7434FD485B}.Debug|Any CPU.ActiveCfg = Debug|Any CPU
		{4A94A98C-6DEA-4300-AA4A-DD7434FD485B}.Debug|Any CPU.Build.0 = Debug|Any CPU
		{4A94A98C-6DEA-4300-AA4A-DD7434FD485B}.Release|Any CPU.ActiveCfg = Release|Any CPU
		{4A94A98C-6DEA-4300-AA4A-DD7434FD485B}.Release|Any CPU.Build.0 = Release|Any CPU
		{FF3B2038-3D12-4064-BBBF-6B0D0C02F823}.Debug|Any CPU.ActiveCfg = Debug|Any CPU
		{FF3B2038-3D12-4064-BBBF-6B0D0C02F823}.Debug|Any CPU.Build.0 = Debug|Any CPU
		{FF3B2038-3D12-4064-BBBF-6B0D0C02F823}.Release|Any CPU.ActiveCfg = Release|Any CPU
		{FF3B2038-3D12-4064-BBBF-6B0D0C02F823}.Release|Any CPU.Build.0 = Release|Any CPU
	EndGlobalSection
	GlobalSection(SolutionProperties) = preSolution
		HideSolutionNode = FALSE
	EndGlobalSection
	GlobalSection(ExtensibilityGlobals) = postSolution
		SolutionGuid = {BD82383F-FB54-4AB5-AAE2-B968572684B7}
	EndGlobalSection
EndGlobal
